
Microsoft Visual Studio Solution File, Format Version 12.00
# Visual Studio Version 16
VisualStudioVersion = 16.0.30104.148
MinimumVisualStudioVersion = 10.0.40219.1
Project("{FAE04EC0-301F-11D3-BF4B-00C04F79EFBC}") = "TUMSS20", "TUMSS20\TUMSS20.csproj", "{F62C9C99-DD40-4590-A796-51FD12DD7557}"
EndProject
Global
	GlobalSection(SolutionConfigurationPlatforms) = preSolution
		Debug|Any CPU = Debug|Any CPU
		Release|Any CPU = Release|Any CPU
	EndGlobalSection
	GlobalSection(ProjectConfigurationPlatforms) = postSolution
		{F62C9C99-DD40-4590-A796-51FD12DD7557}.Debug|Any CPU.ActiveCfg = Debug|Any CPU
		{F62C9C99-DD40-4590-A796-51FD12DD7557}.Debug|Any CPU.Build.0 = Debug|Any CPU
		{F62C9C99-DD40-4590-A796-51FD12DD7557}.Release|Any CPU.ActiveCfg = Release|Any CPU
		{F62C9C99-DD40-4590-A796-51FD12DD7557}.Release|Any CPU.Build.0 = Release|Any CPU
	EndGlobalSection
	GlobalSection(SolutionProperties) = preSolution
		HideSolutionNode = FALSE
	EndGlobalSection
	GlobalSection(ExtensibilityGlobals) = postSolution
		SolutionGuid = {C087D7FE-DEE3-48E1-86F6-F8302564E8D3}
	EndGlobalSection
EndGlobal
